
Microsoft Visual Studio Solution File, Format Version 12.00
# Visual Studio Version 16
VisualStudioVersion = 16.0.30523.141
MinimumVisualStudioVersion = 10.0.40219.1
Project("{9A19103F-16F7-4668-BE54-9A1E7A4F7556}") = "ToDoSql_CodeFirst", "ToDoSql\ToDoSql_CodeFirst.csproj", "{3B729DBE-FD59-4B97-8B18-DBEDB568238F}"
EndProject
Project("{9A19103F-16F7-4668-BE54-9A1E7A4F7556}") = "ToDoSql_DB_First", "ToDoSql_DB_First\ToDoSql_DB_First.csproj", "{FA4DB166-1575-4714-84F1-3A24D9644B26}"
EndProject
Project("{FAE04EC0-301F-11D3-BF4B-00C04F79EFBC}") = "ToDoAzureSqlCodeFirst", "ToDoAzureSqlCodeFirst\ToDoAzureSqlCodeFirst.csproj", "{74D594D4-C5EA-4C66-B5F7-18DB9734D7A2}"
EndProject
Global
	GlobalSection(SolutionConfigurationPlatforms) = preSolution
		Debug|Any CPU = Debug|Any CPU
		Release|Any CPU = Release|Any CPU
	EndGlobalSection
	GlobalSection(ProjectConfigurationPlatforms) = postSolution
		{3B729DBE-FD59-4B97-8B18-DBEDB568238F}.Debug|Any CPU.ActiveCfg = Debug|Any CPU
		{3B729DBE-FD59-4B97-8B18-DBEDB568238F}.Debug|Any CPU.Build.0 = Debug|Any CPU
		{3B729DBE-FD59-4B97-8B18-DBEDB568238F}.Release|Any CPU.ActiveCfg = Release|Any CPU
		{3B729DBE-FD59-4B97-8B18-DBEDB568238F}.Release|Any CPU.Build.0 = Release|Any CPU
		{FA4DB166-1575-4714-84F1-3A24D9644B26}.Debug|Any CPU.ActiveCfg = Debug|Any CPU
		{FA4DB166-1575-4714-84F1-3A24D9644B26}.Debug|Any CPU.Build.0 = Debug|Any CPU
		{FA4DB166-1575-4714-84F1-3A24D9644B26}.Release|Any CPU.ActiveCfg = Release|Any CPU
		{FA4DB166-1575-4714-84F1-3A24D9644B26}.Release|Any CPU.Build.0 = Release|Any CPU
		{74D594D4-C5EA-4C66-B5F7-18DB9734D7A2}.Debug|Any CPU.ActiveCfg = Debug|Any CPU
		{74D594D4-C5EA-4C66-B5F7-18DB9734D7A2}.Debug|Any CPU.Build.0 = Debug|Any CPU
		{74D594D4-C5EA-4C66-B5F7-18DB9734D7A2}.Release|Any CPU.ActiveCfg = Release|Any CPU
		{74D594D4-C5EA-4C66-B5F7-18DB9734D7A2}.Release|Any CPU.Build.0 = Release|Any CPU
	EndGlobalSection
	GlobalSection(SolutionProperties) = preSolution
		HideSolutionNode = FALSE
	EndGlobalSection
	GlobalSection(ExtensibilityGlobals) = postSolution
		SolutionGuid = {D44B1F2B-944C-4C6E-8A9E-68D45F73936E}
	EndGlobalSection
EndGlobal
